
Microsoft Visual Studio Solution File, Format Version 12.00
Project("{FAE04EC0-301F-11D3-BF4B-00C04F79EFBC}") = "NOWWVib", "NOWWVib.csproj", "{79C7B11B-083E-4A5F-B88A-4EE22229E15B}"
EndProject
Global
	GlobalSection(SolutionConfigurationPlatforms) = preSolution
		Debug|Any CPU = Debug|Any CPU
		Release|Any CPU = Release|Any CPU
	EndGlobalSection
	GlobalSection(ProjectConfigurationPlatforms) = postSolution
		{79C7B11B-083E-4A5F-B88A-4EE22229E15B}.Debug|Any CPU.ActiveCfg = Debug|Any CPU
		{79C7B11B-083E-4A5F-B88A-4EE22229E15B}.Debug|Any CPU.Build.0 = Debug|Any CPU
		{79C7B11B-083E-4A5F-B88A-4EE22229E15B}.Release|Any CPU.ActiveCfg = Release|Any CPU
		{79C7B11B-083E-4A5F-B88A-4EE22229E15B}.Release|Any CPU.Build.0 = Release|Any CPU
	EndGlobalSection
EndGlobal
